
Microsoft Visual Studio Solution File, Format Version 12.00
# Visual Studio 15
VisualStudioVersion = 15.0.28010.2026
MinimumVisualStudioVersion = 10.0.40219.1
Project("{9A19103F-16F7-4668-BE54-9A1E7A4F7556}") = "NETCoreFood", "NETCoreFood\NETCoreFood.csproj", "{118269C9-3528-4AE6-A59D-51B7A9617E38}"
EndProject
Global
	GlobalSection(SolutionConfigurationPlatforms) = preSolution
		Debug|Any CPU = Debug|Any CPU
		Release|Any CPU = Release|Any CPU
	EndGlobalSection
	GlobalSection(ProjectConfigurationPlatforms) = postSolution
		{118269C9-3528-4AE6-A59D-51B7A9617E38}.Debug|Any CPU.ActiveCfg = Debug|Any CPU
		{118269C9-3528-4AE6-A59D-51B7A9617E38}.Debug|Any CPU.Build.0 = Debug|Any CPU
		{118269C9-3528-4AE6-A59D-51B7A9617E38}.Release|Any CPU.ActiveCfg = Release|Any CPU
		{118269C9-3528-4AE6-A59D-51B7A9617E38}.Release|Any CPU.Build.0 = Release|Any CPU
	EndGlobalSection
	GlobalSection(SolutionProperties) = preSolution
		HideSolutionNode = FALSE
	EndGlobalSection
	GlobalSection(ExtensibilityGlobals) = postSolution
		SolutionGuid = {9BFD55F5-42B2-449D-9452-50A681DB4B6A}
	EndGlobalSection
EndGlobal
